go.starlark.net v0.0.0-20260326113308-fadfc96def35 h1:VYAqieSOJNxBDX8KJneTAwvdf4J4zRDE2u+UFXtt9h4=
go.starlark.net v0.0.0-20260326113308-fadfc96def35/go.mod h1:Iue6g6iirlfLoVi/DYCi5/x0h/bAOuWF3dULTKpt2Vo=
golang.org/x/sys v0.42.0 h1:omrd2nAlyT5ESRdCLYdm3+fMfNFE/+Rf4bDIQImRJeo=
golang.org/x/sys v0.42.0/go.mod h1:4GL1E5IUh+htKOUEOaiffhrAeqysfVGipDYzABqnCmw=
